
Microsoft Visual Studio Solution File, Format Version 12.00
# Visual Studio 15
VisualStudioVersion = 15.0.28307.852
MinimumVisualStudioVersion = 10.0.40219.1
Project("{FAE04EC0-301F-11D3-BF4B-00C04F79EFBC}") = "MapApp2.Android", "MapApp2\MapApp2.Android\MapApp2.Android.csproj", "{9C41A605-40FA-4006-B476-3CDFA17619C2}"
EndProject
Project("{FAE04EC0-301F-11D3-BF4B-00C04F79EFBC}") = "MapApp2", "MapApp2\MapApp2\MapApp2.csproj", "{4D9F973B-B034-4595-84AB-F8768A103EB9}"
EndProject
Global
	GlobalSection(SolutionConfigurationPlatforms) = preSolution
		Debug|Any CPU = Debug|Any CPU
		Release|Any CPU = Release|Any CPU
	EndGlobalSection
	GlobalSection(ProjectConfigurationPlatforms) = postSolution
		{9C41A605-40FA-4006-B476-3CDFA17619C2}.Debug|Any CPU.ActiveCfg = Debug|Any CPU
		{9C41A605-40FA-4006-B476-3CDFA17619C2}.Debug|Any CPU.Build.0 = Debug|Any CPU
		{9C41A605-40FA-4006-B476-3CDFA17619C2}.Debug|Any CPU.Deploy.0 = Debug|Any CPU
		{9C41A605-40FA-4006-B476-3CDFA17619C2}.Release|Any CPU.ActiveCfg = Release|Any CPU
		{9C41A605-40FA-4006-B476-3CDFA17619C2}.Release|Any CPU.Build.0 = Release|Any CPU
		{9C41A605-40FA-4006-B476-3CDFA17619C2}.Release|Any CPU.Deploy.0 = Release|Any CPU
		{4D9F973B-B034-4595-84AB-F8768A103EB9}.Debug|Any CPU.ActiveCfg = Debug|Any CPU
		{4D9F973B-B034-4595-84AB-F8768A103EB9}.Debug|Any CPU.Build.0 = Debug|Any CPU
		{4D9F973B-B034-4595-84AB-F8768A103EB9}.Debug|Any CPU.Deploy.0 = Debug|Any CPU
		{4D9F973B-B034-4595-84AB-F8768A103EB9}.Release|Any CPU.ActiveCfg = Release|Any CPU
		{4D9F973B-B034-4595-84AB-F8768A103EB9}.Release|Any CPU.Build.0 = Release|Any CPU
		{4D9F973B-B034-4595-84AB-F8768A103EB9}.Release|Any CPU.Deploy.0 = Release|Any CPU
	EndGlobalSection
	GlobalSection(SolutionProperties) = preSolution
		HideSolutionNode = FALSE
	EndGlobalSection
	GlobalSection(ExtensibilityGlobals) = postSolution
		SolutionGuid = {AEE96A57-451B-4FD6-9A1C-30EE89FBA3F8}
	EndGlobalSection
EndGlobal
