
Microsoft Visual Studio Solution File, Format Version 12.00
# Visual Studio 15
VisualStudioVersion = 15.0.28307.852
MinimumVisualStudioVersion = 10.0.40219.1
Project("{FAE04EC0-301F-11D3-BF4B-00C04F79EFBC}") = "CalcApp.Android", "CalcApp\CalcApp.Android\CalcApp.Android.csproj", "{5810BB1D-16ED-4B4E-859C-0D7622AA9BE3}"
EndProject
Project("{FAE04EC0-301F-11D3-BF4B-00C04F79EFBC}") = "CalcApp", "CalcApp\CalcApp\CalcApp.csproj", "{A596396D-9A6E-4F75-8B24-CE2CF25B098D}"
EndProject
Global
	GlobalSection(SolutionConfigurationPlatforms) = preSolution
		Debug|Any CPU = Debug|Any CPU
		Release|Any CPU = Release|Any CPU
	EndGlobalSection
	GlobalSection(ProjectConfigurationPlatforms) = postSolution
		{5810BB1D-16ED-4B4E-859C-0D7622AA9BE3}.Debug|Any CPU.ActiveCfg = Debug|Any CPU
		{5810BB1D-16ED-4B4E-859C-0D7622AA9BE3}.Debug|Any CPU.Build.0 = Debug|Any CPU
		{5810BB1D-16ED-4B4E-859C-0D7622AA9BE3}.Debug|Any CPU.Deploy.0 = Debug|Any CPU
		{5810BB1D-16ED-4B4E-859C-0D7622AA9BE3}.Release|Any CPU.ActiveCfg = Release|Any CPU
		{5810BB1D-16ED-4B4E-859C-0D7622AA9BE3}.Release|Any CPU.Build.0 = Release|Any CPU
		{5810BB1D-16ED-4B4E-859C-0D7622AA9BE3}.Release|Any CPU.Deploy.0 = Release|Any CPU
		{A596396D-9A6E-4F75-8B24-CE2CF25B098D}.Debug|Any CPU.ActiveCfg = Debug|Any CPU
		{A596396D-9A6E-4F75-8B24-CE2CF25B098D}.Debug|Any CPU.Build.0 = Debug|Any CPU
		{A596396D-9A6E-4F75-8B24-CE2CF25B098D}.Debug|Any CPU.Deploy.0 = Debug|Any CPU
		{A596396D-9A6E-4F75-8B24-CE2CF25B098D}.Release|Any CPU.ActiveCfg = Release|Any CPU
		{A596396D-9A6E-4F75-8B24-CE2CF25B098D}.Release|Any CPU.Build.0 = Release|Any CPU
		{A596396D-9A6E-4F75-8B24-CE2CF25B098D}.Release|Any CPU.Deploy.0 = Release|Any CPU
	EndGlobalSection
	GlobalSection(SolutionProperties) = preSolution
		HideSolutionNode = FALSE
	EndGlobalSection
	GlobalSection(ExtensibilityGlobals) = postSolution
		SolutionGuid = {F01CA313-1199-4B98-9BDD-3385CB9011B8}
	EndGlobalSection
EndGlobal
