
Microsoft Visual Studio Solution File, Format Version 12.00
# Visual Studio 15
VisualStudioVersion = 15.0.28307.852
MinimumVisualStudioVersion = 10.0.40219.1
Project("{FAE04EC0-301F-11D3-BF4B-00C04F79EFBC}") = "wwwweatherAPP.Android", "wwwweatherAPP\wwwweatherAPP.Android\wwwweatherAPP.Android.csproj", "{DB014DBC-69E7-4D23-9292-A43ACEAE92BD}"
EndProject
Project("{FAE04EC0-301F-11D3-BF4B-00C04F79EFBC}") = "wwwweatherAPP", "wwwweatherAPP\wwwweatherAPP\wwwweatherAPP.csproj", "{6F4D195F-7C0A-4157-9C3F-645BB099A864}"
EndProject
Global
	GlobalSection(SolutionConfigurationPlatforms) = preSolution
		Debug|Any CPU = Debug|Any CPU
		Release|Any CPU = Release|Any CPU
	EndGlobalSection
	GlobalSection(ProjectConfigurationPlatforms) = postSolution
		{DB014DBC-69E7-4D23-9292-A43ACEAE92BD}.Debug|Any CPU.ActiveCfg = Debug|Any CPU
		{DB014DBC-69E7-4D23-9292-A43ACEAE92BD}.Debug|Any CPU.Build.0 = Debug|Any CPU
		{DB014DBC-69E7-4D23-9292-A43ACEAE92BD}.Debug|Any CPU.Deploy.0 = Debug|Any CPU
		{DB014DBC-69E7-4D23-9292-A43ACEAE92BD}.Release|Any CPU.ActiveCfg = Release|Any CPU
		{DB014DBC-69E7-4D23-9292-A43ACEAE92BD}.Release|Any CPU.Build.0 = Release|Any CPU
		{DB014DBC-69E7-4D23-9292-A43ACEAE92BD}.Release|Any CPU.Deploy.0 = Release|Any CPU
		{6F4D195F-7C0A-4157-9C3F-645BB099A864}.Debug|Any CPU.ActiveCfg = Debug|Any CPU
		{6F4D195F-7C0A-4157-9C3F-645BB099A864}.Debug|Any CPU.Build.0 = Debug|Any CPU
		{6F4D195F-7C0A-4157-9C3F-645BB099A864}.Debug|Any CPU.Deploy.0 = Debug|Any CPU
		{6F4D195F-7C0A-4157-9C3F-645BB099A864}.Release|Any CPU.ActiveCfg = Release|Any CPU
		{6F4D195F-7C0A-4157-9C3F-645BB099A864}.Release|Any CPU.Build.0 = Release|Any CPU
		{6F4D195F-7C0A-4157-9C3F-645BB099A864}.Release|Any CPU.Deploy.0 = Release|Any CPU
	EndGlobalSection
	GlobalSection(SolutionProperties) = preSolution
		HideSolutionNode = FALSE
	EndGlobalSection
	GlobalSection(ExtensibilityGlobals) = postSolution
		SolutionGuid = {78D80499-1480-497B-B156-340972CB6E71}
	EndGlobalSection
EndGlobal
